
Microsoft Visual Studio Solution File, Format Version 12.00
# Visual Studio Version 16
VisualStudioVersion = 16.0.31624.102
MinimumVisualStudioVersion = 10.0.40219.1
Project("{9A19103F-16F7-4668-BE54-9A1E7A4F7556}") = "LibraryCNN", "LibraryCNN\LibraryCNN.csproj", "{D141B9FD-3132-4CB1-8B9A-6E4DFE82F4A4}"
EndProject
Project("{2150E333-8FDC-42A3-9474-1A3956D46DE8}") = "Solution Items", "Solution Items", "{C6BA0F22-D840-4A3E-A792-532426E8F70A}"
	ProjectSection(SolutionItems) = preProject
		.editorconfig = .editorconfig
	EndProjectSection
EndProject
Global
	GlobalSection(SolutionConfigurationPlatforms) = preSolution
		Debug|Any CPU = Debug|Any CPU
		Release|Any CPU = Release|Any CPU
	EndGlobalSection
	GlobalSection(ProjectConfigurationPlatforms) = postSolution
		{D141B9FD-3132-4CB1-8B9A-6E4DFE82F4A4}.Debug|Any CPU.ActiveCfg = Debug|Any CPU
		{D141B9FD-3132-4CB1-8B9A-6E4DFE82F4A4}.Debug|Any CPU.Build.0 = Debug|Any CPU
		{D141B9FD-3132-4CB1-8B9A-6E4DFE82F4A4}.Release|Any CPU.ActiveCfg = Release|Any CPU
		{D141B9FD-3132-4CB1-8B9A-6E4DFE82F4A4}.Release|Any CPU.Build.0 = Release|Any CPU
	EndGlobalSection
	GlobalSection(SolutionProperties) = preSolution
		HideSolutionNode = FALSE
	EndGlobalSection
	GlobalSection(ExtensibilityGlobals) = postSolution
		SolutionGuid = {18094B7B-BAA7-4D40-AB1F-2546558639F3}
	EndGlobalSection
EndGlobal
